// !$*UTF8*$!
{
	archiveVersion = 1;
	classes = {
	};
	objectVersion = 46;
	objects = {

/* Begin PBXBuildFile section */
		7A8B03B31C3A1C3A00FFCBA0 /* main.m in Sources */ = {isa = PBXBuildFile; fileRef = 7A8B03B21C3A1C3A00FFCBA0 /* main.m */; };
		7A8B03B61C3A1C3A00FFCBA0 /* AppDelegate.m in Sources */ = {isa = PBXBuildFile; fileRef = 7A8B03B51C3A1C3A00FFCBA0 /* AppDelegate.m */; };
		7A8B03B81C3A1C3A00FFCBA0 /* Assets.xcassets in Resources */ = {isa = PBXBuildFile; fileRef = 7A8B03B71C3A1C3A00FFCBA0 /* Assets.xcassets */; };
		7A8B03BB1C3A1C3A00FFCBA0 /* LaunchScreen.storyboard in Resources */ = {isa = PBXBuildFile; fileRef = 7A8B03B91C3A1C3A00FFCBA0 /* LaunchScreen.storyboard */; };
		7A8B03E21C3A4E3300FFCBA0 /* DiscoverViewController.m in Sources */ = {isa = PBXBuildFile; fileRef = 7A8B03D21C3A4E3300FFCBA0 /* DiscoverViewController.m */; };
		7A8B03E31C3A4E3300FFCBA0 /* MainViewController.m in Sources */ = {isa = PBXBuildFile; fileRef = 7A8B03D81C3A4E3300FFCBA0 /* MainViewController.m */; };
		7A8B03E41C3A4E3300FFCBA0 /* MineViewController.m in Sources */ = {isa = PBXBuildFile; fileRef = 7A8B03DE1C3A4E3300FFCBA0 /* MineViewController.m */; };
		7A8B03E71C3A505C00FFCBA0 /* MainStoryboard.storyboard in Resources */ = {isa = PBXBuildFile; fileRef = 7A8B03E61C3A505C00FFCBA0 /* MainStoryboard.storyboard */; };
		7A8B03E91C3A507A00FFCBA0 /* DiscoverStoryboard.storyboard in Resources */ = {isa = PBXBuildFile; fileRef = 7A8B03E81C3A507A00FFCBA0 /* DiscoverStoryboard.storyboard */; };
		7A8B03EB1C3A50A200FFCBA0 /* MineStoryboard.storyboard in Resources */ = {isa = PBXBuildFile; fileRef = 7A8B03EA1C3A50A200FFCBA0 /* MineStoryboard.storyboard */; };
		7A8B03EF1C3A766D00FFCBA0 /* MainTableViewCell.m in Sources */ = {isa = PBXBuildFile; fileRef = 7A8B03ED1C3A766D00FFCBA0 /* MainTableViewCell.m */; };
		7A8B03F01C3A766D00FFCBA0 /* MainTableViewCell.xib in Resources */ = {isa = PBXBuildFile; fileRef = 7A8B03EE1C3A766D00FFCBA0 /* MainTableViewCell.xib */; };
		D1682E872E7C53838E04F830 /* libPods.a in Frameworks */ = {isa = PBXBuildFile; fileRef = 730F5D6BD68882D6C40E7079 /* libPods.a */; };
/* End PBXBuildFile section */

/* Begin PBXFileReference section */
		3CDB23514B5C5DF1880D803B /* Pods.release.xcconfig */ = {isa = PBXFileReference; includeInIndex = 1; lastKnownFileType = text.xcconfig; name = Pods.release.xcconfig; path = "Pods/Target Support Files/Pods/Pods.release.xcconfig"; sourceTree = "<group>"; };
		3EB1357DE69483C95E139891 /* Pods.debug.xcconfig */ = {isa = PBXFileReference; includeInIndex = 1; lastKnownFileType = text.xcconfig; name = Pods.debug.xcconfig; path = "Pods/Target Support Files/Pods/Pods.debug.xcconfig"; sourceTree = "<group>"; };
		730F5D6BD68882D6C40E7079 /* libPods.a */ = {isa = PBXFileReference; explicitFileType = archive.ar; includeInIndex = 0; path = libPods.a; sourceTree = BUILT_PRODUCTS_DIR; };
		7A8B03AE1C3A1C3A00FFCBA0 /* WeekendHighTogether.app */ = {isa = PBXFileReference; explicitFileType = wrapper.application; includeInIndex = 0; path = WeekendHighTogether.app; sourceTree = BUILT_PRODUCTS_DIR; };
		7A8B03B21C3A1C3A00FFCBA0 /* main.m */ = {isa = PBXFileReference; lastKnownFileType = sourcecode.c.objc; path = main.m; sourceTree = "<group>"; };
		7A8B03B41C3A1C3A00FFCBA0 /* AppDelegate.h */ = {isa = PBXFileReference; lastKnownFileType = sourcecode.c.h; path = AppDelegate.h; sourceTree = "<group>"; };
		7A8B03B51C3A1C3A00FFCBA0 /* AppDelegate.m */ = {isa = PBXFileReference; lastKnownFileType = sourcecode.c.objc; path = AppDelegate.m; sourceTree = "<group>"; };
		7A8B03B71C3A1C3A00FFCBA0 /* Assets.xcassets */ = {isa = PBXFileReference; lastKnownFileType = folder.assetcatalog; path = Assets.xcassets; sourceTree = "<group>"; };
		7A8B03BA1C3A1C3A00FFCBA0 /* Base */ = {isa = PBXFileReference; lastKnownFileType = file.storyboard; name = Base; path = Base.lproj/LaunchScreen.storyboard; sourceTree = "<group>"; };
		7A8B03BC1C3A1C3A00FFCBA0 /* Info.plist */ = {isa = PBXFileReference; lastKnownFileType = text.plist.xml; path = Info.plist; sourceTree = "<group>"; };
		7A8B03D11C3A4E3300FFCBA0 /* DiscoverViewController.h */ = {isa = PBXFileReference; fileEncoding = 4; lastKnownFileType = sourcecode.c.h; path = DiscoverViewController.h; sourceTree = "<group>"; };
		7A8B03D21C3A4E3300FFCBA0 /* DiscoverViewController.m */ = {isa = PBXFileReference; fileEncoding = 4; lastKnownFileType = sourcecode.c.objc; path = DiscoverViewController.m; sourceTree = "<group>"; };
		7A8B03D71C3A4E3300FFCBA0 /* MainViewController.h */ = {isa = PBXFileReference; fileEncoding = 4; lastKnownFileType = sourcecode.c.h; path = MainViewController.h; sourceTree = "<group>"; };
		7A8B03D81C3A4E3300FFCBA0 /* MainViewController.m */ = {isa = PBXFileReference; fileEncoding = 4; lastKnownFileType = sourcecode.c.objc; path = MainViewController.m; sourceTree = "<group>"; };
		7A8B03DD1C3A4E3300FFCBA0 /* MineViewController.h */ = {isa = PBXFileReference; fileEncoding = 4; lastKnownFileType = sourcecode.c.h; path = MineViewController.h; sourceTree = "<group>"; };
		7A8B03DE1C3A4E3300FFCBA0 /* MineViewController.m */ = {isa = PBXFileReference; fileEncoding = 4; lastKnownFileType = sourcecode.c.objc; path = MineViewController.m; sourceTree = "<group>"; };
		7A8B03E61C3A505C00FFCBA0 /* MainStoryboard.storyboard */ = {isa = PBXFileReference; fileEncoding = 4; lastKnownFileType = file.storyboard; path = MainStoryboard.storyboard; sourceTree = "<group>"; };
		7A8B03E81C3A507A00FFCBA0 /* DiscoverStoryboard.storyboard */ = {isa = PBXFileReference; fileEncoding = 4; lastKnownFileType = file.storyboard; path = DiscoverStoryboard.storyboard; sourceTree = "<group>"; };
		7A8B03EA1C3A50A200FFCBA0 /* MineStoryboard.storyboard */ = {isa = PBXFileReference; fileEncoding = 4; lastKnownFileType = file.storyboard; path = MineStoryboard.storyboard; sourceTree = "<group>"; };
		7A8B03EC1C3A766D00FFCBA0 /* MainTableViewCell.h */ = {isa = PBXFileReference; fileEncoding = 4; lastKnownFileType = sourcecode.c.h; path = MainTableViewCell.h; sourceTree = "<group>"; };
		7A8B03ED1C3A766D00FFCBA0 /* MainTableViewCell.m */ = {isa = PBXFileReference; fileEncoding = 4; lastKnownFileType = sourcecode.c.objc; path = MainTableViewCell.m; sourceTree = "<group>"; };
		7A8B03EE1C3A766D00FFCBA0 /* MainTableViewCell.xib */ = {isa = PBXFileReference; fileEncoding = 4; lastKnownFileType = file.xib; path = MainTableViewCell.xib; sourceTree = "<group>"; };
/* End PBXFileReference section */

/* Begin PBXFrameworksBuildPhase section */
		7A8B03AB1C3A1C3A00FFCBA0 /* Frameworks */ = {
			isa = PBXFrameworksBuildPhase;
			buildActionMask = 2147483647;
			files = (
				D1682E872E7C53838E04F830 /* libPods.a in Frameworks */,
			);
			runOnlyForDeploymentPostprocessing = 0;
		};
/* End PBXFrameworksBuildPhase section */

/* Begin PBXGroup section */
		7A8B03A51C3A1C3A00FFCBA0 = {
			isa = PBXGroup;
			children = (
				7A8B03B01C3A1C3A00FFCBA0 /* WeekendHighTogether */,
				7A8B03AF1C3A1C3A00FFCBA0 /* Products */,
				CE7CC239EA1C945E31CC72F9 /* Pods */,
				BF2B6CC4C19E3B785303BD91 /* Frameworks */,
			);
			sourceTree = "<group>";
		};
		7A8B03AF1C3A1C3A00FFCBA0 /* Products */ = {
			isa = PBXGroup;
			children = (
				7A8B03AE1C3A1C3A00FFCBA0 /* WeekendHighTogether.app */,
			);
			name = Products;
			sourceTree = "<group>";
		};
		7A8B03B01C3A1C3A00FFCBA0 /* WeekendHighTogether */ = {
			isa = PBXGroup;
			children = (
				7A8B03B41C3A1C3A00FFCBA0 /* AppDelegate.h */,
				7A8B03B51C3A1C3A00FFCBA0 /* AppDelegate.m */,
				7A8B03CE1C3A4E3300FFCBA0 /* Classes */,
				7A8B03E11C3A4E3300FFCBA0 /* Library */,
				7A8B03E51C3A4FA700FFCBA0 /* Resources */,
				7A8B03B71C3A1C3A00FFCBA0 /* Assets.xcassets */,
				7A8B03B91C3A1C3A00FFCBA0 /* LaunchScreen.storyboard */,
				7A8B03BC1C3A1C3A00FFCBA0 /* Info.plist */,
				7A8B03B11C3A1C3A00FFCBA0 /* Supporting Files */,
			);
			path = WeekendHighTogether;
			sourceTree = "<group>";
		};
		7A8B03B11C3A1C3A00FFCBA0 /* Supporting Files */ = {
			isa = PBXGroup;
			children = (
				7A8B03B21C3A1C3A00FFCBA0 /* main.m */,
			);
			name = "Supporting Files";
			sourceTree = "<group>";
		};
		7A8B03CE1C3A4E3300FFCBA0 /* Classes */ = {
			isa = PBXGroup;
			children = (
				7A8B03D51C3A4E3300FFCBA0 /* Main */,
				7A8B03CF1C3A4E3300FFCBA0 /* Discover */,
				7A8B03DB1C3A4E3300FFCBA0 /* Mine */,
			);
			path = Classes;
			sourceTree = "<group>";
		};
		7A8B03CF1C3A4E3300FFCBA0 /* Discover */ = {
			isa = PBXGroup;
			children = (
				7A8B03D01C3A4E3300FFCBA0 /* controllers */,
				7A8B03D31C3A4E3300FFCBA0 /* models */,
				7A8B03D41C3A4E3300FFCBA0 /* views */,
			);
			path = Discover;
			sourceTree = "<group>";
		};
		7A8B03D01C3A4E3300FFCBA0 /* controllers */ = {
			isa = PBXGroup;
			children = (
				7A8B03D11C3A4E3300FFCBA0 /* DiscoverViewController.h */,
				7A8B03D21C3A4E3300FFCBA0 /* DiscoverViewController.m */,
			);
			path = controllers;
			sourceTree = "<group>";
		};
		7A8B03D31C3A4E3300FFCBA0 /* models */ = {
			isa = PBXGroup;
			children = (
			);
			path = models;
			sourceTree = "<group>";
		};
		7A8B03D41C3A4E3300FFCBA0 /* views */ = {
			isa = PBXGroup;
			children = (
				7A8B03E81C3A507A00FFCBA0 /* DiscoverStoryboard.storyboard */,
			);
			path = views;
			sourceTree = "<group>";
		};
		7A8B03D51C3A4E3300FFCBA0 /* Main */ = {
			isa = PBXGroup;
			children = (
				7A8B03D61C3A4E3300FFCBA0 /* controllers */,
				7A8B03D91C3A4E3300FFCBA0 /* models */,
				7A8B03DA1C3A4E3300FFCBA0 /* views */,
			);
			path = Main;
			sourceTree = "<group>";
		};
		7A8B03D61C3A4E3300FFCBA0 /* controllers */ = {
			isa = PBXGroup;
			children = (
				7A8B03D71C3A4E3300FFCBA0 /* MainViewController.h */,
				7A8B03D81C3A4E3300FFCBA0 /* MainViewController.m */,
			);
			path = controllers;
			sourceTree = "<group>";
		};
		7A8B03D91C3A4E3300FFCBA0 /* models */ = {
			isa = PBXGroup;
			children = (
			);
			path = models;
			sourceTree = "<group>";
		};
		7A8B03DA1C3A4E3300FFCBA0 /* views */ = {
			isa = PBXGroup;
			children = (
				7A8B03E61C3A505C00FFCBA0 /* MainStoryboard.storyboard */,
				7A8B03EC1C3A766D00FFCBA0 /* MainTableViewCell.h */,
				7A8B03ED1C3A766D00FFCBA0 /* MainTableViewCell.m */,
				7A8B03EE1C3A766D00FFCBA0 /* MainTableViewCell.xib */,
			);
			path = views;
			sourceTree = "<group>";
		};
		7A8B03DB1C3A4E3300FFCBA0 /* Mine */ = {
			isa = PBXGroup;
			children = (
				7A8B03DC1C3A4E3300FFCBA0 /* controllers */,
				7A8B03DF1C3A4E3300FFCBA0 /* models */,
				7A8B03E01C3A4E3300FFCBA0 /* views */,
			);
			path = Mine;
			sourceTree = "<group>";
		};
		7A8B03DC1C3A4E3300FFCBA0 /* controllers */ = {
			isa = PBXGroup;
			children = (
				7A8B03DD1C3A4E3300FFCBA0 /* MineViewController.h */,
				7A8B03DE1C3A4E3300FFCBA0 /* MineViewController.m */,
			);
			path = controllers;
			sourceTree = "<group>";
		};
		7A8B03DF1C3A4E3300FFCBA0 /* models */ = {
			isa = PBXGroup;
			children = (
			);
			path = models;
			sourceTree = "<group>";
		};
		7A8B03E01C3A4E3300FFCBA0 /* views */ = {
			isa = PBXGroup;
			children = (
				7A8B03EA1C3A50A200FFCBA0 /* MineStoryboard.storyboard */,
			);
			path = views;
			sourceTree = "<group>";
		};
		7A8B03E11C3A4E3300FFCBA0 /* Library */ = {
			isa = PBXGroup;
			children = (
			);
			path = Library;
			sourceTree = "<group>";
		};
		7A8B03E51C3A4FA700FFCBA0 /* Resources */ = {
			isa = PBXGroup;
			children = (
			);
			path = Resources;
			sourceTree = "<group>";
		};
		BF2B6CC4C19E3B785303BD91 /* Frameworks */ = {
			isa = PBXGroup;
			children = (
				730F5D6BD68882D6C40E7079 /* libPods.a */,
			);
			name = Frameworks;
			sourceTree = "<group>";
		};
		CE7CC239EA1C945E31CC72F9 /* Pods */ = {
			isa = PBXGroup;
			children = (
				3EB1357DE69483C95E139891 /* Pods.debug.xcconfig */,
				3CDB23514B5C5DF1880D803B /* Pods.release.xcconfig */,
			);
			name = Pods;
			sourceTree = "<group>";
		};
/* End PBXGroup section */

/* Begin PBXNativeTarget section */
		7A8B03AD1C3A1C3A00FFCBA0 /* WeekendHighTogether */ = {
			isa = PBXNativeTarget;
			buildConfigurationList = 7A8B03BF1C3A1C3A00FFCBA0 /* Build configuration list for PBXNativeTarget "WeekendHighTogether" */;
			buildPhases = (
				B714A8021033C3FA5DE76F4B /* Check Pods Manifest.lock */,
				7A8B03AA1C3A1C3A00FFCBA0 /* Sources */,
				7A8B03AB1C3A1C3A00FFCBA0 /* Frameworks */,
				7A8B03AC1C3A1C3A00FFCBA0 /* Resources */,
				F80B62E22B1ECFFA448244A8 /* Embed Pods Frameworks */,
				33CFFB622C5F1DA24769FDB9 /* Copy Pods Resources */,
			);
			buildRules = (
			);
			dependencies = (
			);
			name = WeekendHighTogether;
			productName = WeekendHighTogether;
			productReference = 7A8B03AE1C3A1C3A00FFCBA0 /* WeekendHighTogether.app */;
			productType = "com.apple.product-type.application";
		};
/* End PBXNativeTarget section */

/* Begin PBXProject section */
		7A8B03A61C3A1C3A00FFCBA0 /* Project object */ = {
			isa = PBXProject;
			attributes = {
				LastUpgradeCheck = 0720;
				ORGANIZATIONNAME = SCJY;
				TargetAttributes = {
					7A8B03AD1C3A1C3A00FFCBA0 = {
						CreatedOnToolsVersion = 7.2;
					};
				};
			};
			buildConfigurationList = 7A8B03A91C3A1C3A00FFCBA0 /* Build configuration list for PBXProject "WeekendHighTogether" */;
			compatibilityVersion = "Xcode 3.2";
			developmentRegion = English;
			hasScannedForEncodings = 0;
			knownRegions = (
				en,
				Base,
			);
			mainGroup = 7A8B03A51C3A1C3A00FFCBA0;
			productRefGroup = 7A8B03AF1C3A1C3A00FFCBA0 /* Products */;
			projectDirPath = "";
			projectRoot = "";
			targets = (
				7A8B03AD1C3A1C3A00FFCBA0 /* WeekendHighTogether */,
			);
		};
/* End PBXProject section */

/* Begin PBXResourcesBuildPhase section */
		7A8B03AC1C3A1C3A00FFCBA0 /* Resources */ = {
			isa = PBXResourcesBuildPhase;
			buildActionMask = 2147483647;
			files = (
				7A8B03F01C3A766D00FFCBA0 /* MainTableViewCell.xib in Resources */,
				7A8B03E91C3A507A00FFCBA0 /* DiscoverStoryboard.storyboard in Resources */,
				7A8B03E71C3A505C00FFCBA0 /* MainStoryboard.storyboard in Resources */,
				7A8B03B81C3A1C3A00FFCBA0 /* Assets.xcassets in Resources */,
				7A8B03BB1C3A1C3A00FFCBA0 /* LaunchScreen.storyboard in Resources */,
				7A8B03EB1C3A50A200FFCBA0 /* MineStoryboard.storyboard in Resources */,
			);
			runOnlyForDeploymentPostprocessing = 0;
		};
/* End PBXResourcesBuildPhase section */

/* Begin PBXShellScriptBuildPhase section */
		33CFFB622C5F1DA24769FDB9 /* Copy Pods Resources */ = {
			isa = PBXShellScriptBuildPhase;
			buildActionMask = 2147483647;
			files = (
			);
			inputPaths = (
			);
			name = "Copy Pods Resources";
			outputPaths = (
			);
			runOnlyForDeploymentPostprocessing = 0;
			shellPath = /bin/sh;
			shellScript = "\"${SRCROOT}/Pods/Target Support Files/Pods/Pods-resources.sh\"\n";
			showEnvVarsInLog = 0;
		};
		B714A8021033C3FA5DE76F4B /* Check Pods Manifest.lock */ = {
			isa = PBXShellScriptBuildPhase;
			buildActionMask = 2147483647;
			files = (
			);
			inputPaths = (
			);
			name = "Check Pods Manifest.lock";
			outputPaths = (
			);
			runOnlyForDeploymentPostprocessing = 0;
			shellPath = /bin/sh;
			shellScript = "diff \"${PODS_ROOT}/../Podfile.lock\" \"${PODS_ROOT}/Manifest.lock\" > /dev/null\nif [[ $? != 0 ]] ; then\n    cat << EOM\nerror: The sandbox is not in sync with the Podfile.lock. Run 'pod install' or update your CocoaPods installation.\nEOM\n    exit 1\nfi\n";
			showEnvVarsInLog = 0;
		};
		F80B62E22B1ECFFA448244A8 /* Embed Pods Frameworks */ = {
			isa = PBXShellScriptBuildPhase;
			buildActionMask = 2147483647;
			files = (
			);
			inputPaths = (
			);
			name = "Embed Pods Frameworks";
			outputPaths = (
			);
			runOnlyForDeploymentPostprocessing = 0;
			shellPath = /bin/sh;
			shellScript = "\"${SRCROOT}/Pods/Target Support Files/Pods/Pods-frameworks.sh\"\n";
			showEnvVarsInLog = 0;
		};
/* End PBXShellScriptBuildPhase section */

/* Begin PBXSourcesBuildPhase section */
		7A8B03AA1C3A1C3A00FFCBA0 /* Sources */ = {
			isa = PBXSourcesBuildPhase;
			buildActionMask = 2147483647;
			files = (
				7A8B03EF1C3A766D00FFCBA0 /* MainTableViewCell.m in Sources */,
				7A8B03B61C3A1C3A00FFCBA0 /* AppDelegate.m in Sources */,
				7A8B03E21C3A4E3300FFCBA0 /* DiscoverViewController.m in Sources */,
				7A8B03E41C3A4E3300FFCBA0 /* MineViewController.m in Sources */,
				7A8B03B31C3A1C3A00FFCBA0 /* main.m in Sources */,
				7A8B03E31C3A4E3300FFCBA0 /* MainViewController.m in Sources */,
			);
			runOnlyForDeploymentPostprocessing = 0;
		};
/* End PBXSourcesBuildPhase section */

/* Begin PBXVariantGroup section */
		7A8B03B91C3A1C3A00FFCBA0 /* LaunchScreen.storyboard */ = {
			isa = PBXVariantGroup;
			children = (
				7A8B03BA1C3A1C3A00FFCBA0 /* Base */,
			);
			name = LaunchScreen.storyboard;
			sourceTree = "<group>";
		};
/* End PBXVariantGroup section */

/* Begin XCBuildConfiguration section */
		7A8B03BD1C3A1C3A00FFCBA0 /* Debug */ = {
			isa = XCBuildConfiguration;
			buildSettings = {
				ALWAYS_SEARCH_USER_PATHS = NO;
				CLANG_CXX_LANGUAGE_STANDARD = "gnu++0x";
				CLANG_CXX_LIBRARY = "libc++";
				CLANG_ENABLE_MODULES = YES;
				CLANG_ENABLE_OBJC_ARC = YES;
				CLANG_WARN_BOOL_CONVERSION = YES;
				CLANG_WARN_CONSTANT_CONVERSION = YES;
				CLANG_WARN_DIRECT_OBJC_ISA_USAGE = YES_ERROR;
				CLANG_WARN_EMPTY_BODY = YES;
				CLANG_WARN_ENUM_CONVERSION = YES;
				CLANG_WARN_INT_CONVERSION = YES;
				CLANG_WARN_OBJC_ROOT_CLASS = YES_ERROR;
				CLANG_WARN_UNREACHABLE_CODE = YES;
				CLANG_WARN__DUPLICATE_METHOD_MATCH = YES;
				"CODE_SIGN_IDENTITY[sdk=iphoneos*]" = "iPhone Developer";
				COPY_PHASE_STRIP = NO;
				DEBUG_INFORMATION_FORMAT = dwarf;
				ENABLE_STRICT_OBJC_MSGSEND = YES;
				ENABLE_TESTABILITY = YES;
				GCC_C_LANGUAGE_STANDARD = gnu99;
				GCC_DYNAMIC_NO_PIC = NO;
				GCC_NO_COMMON_BLOCKS = YES;
				GCC_OPTIMIZATION_LEVEL = 0;
				GCC_PREPROCESSOR_DEFINITIONS = (
					"DEBUG=1",
					"$(inherited)",
				);
				GCC_WARN_64_TO_32_BIT_CONVERSION = YES;
				GCC_WARN_ABOUT_RETURN_TYPE = YES_ERROR;
				GCC_WARN_UNDECLARED_SELECTOR = YES;
				GCC_WARN_UNINITIALIZED_AUTOS = YES_AGGRESSIVE;
				GCC_WARN_UNUSED_FUNCTION = YES;
				GCC_WARN_UNUSED_VARIABLE = YES;
				IPHONEOS_DEPLOYMENT_TARGET = 9.2;
				MTL_ENABLE_DEBUG_INFO = YES;
				ONLY_ACTIVE_ARCH = YES;
				SDKROOT = iphoneos;
			};
			name = Debug;
		};
		7A8B03BE1C3A1C3A00FFCBA0 /* Release */ = {
			isa = XCBuildConfiguration;
			buildSettings = {
				ALWAYS_SEARCH_USER_PATHS = NO;
				CLANG_CXX_LANGUAGE_STANDARD = "gnu++0x";
				CLANG_CXX_LIBRARY = "libc++";
				CLANG_ENABLE_MODULES = YES;
				CLANG_ENABLE_OBJC_ARC = YES;
				CLANG_WARN_BOOL_CONVERSION = YES;
				CLANG_WARN_CONSTANT_CONVERSION = YES;
				CLANG_WARN_DIRECT_OBJC_ISA_USAGE = YES_ERROR;
				CLANG_WARN_EMPTY_BODY = YES;
				CLANG_WARN_ENUM_CONVERSION = YES;
				CLANG_WARN_INT_CONVERSION = YES;
				CLANG_WARN_OBJC_ROOT_CLASS = YES_ERROR;
				CLANG_WARN_UNREACHABLE_CODE = YES;
				CLANG_WARN__DUPLICATE_METHOD_MATCH = YES;
				"CODE_SIGN_IDENTITY[sdk=iphoneos*]" = "iPhone Developer";
				COPY_PHASE_STRIP = NO;
				DEBUG_INFORMATION_FORMAT = "dwarf-with-dsym";
				ENABLE_NS_ASSERTIONS = NO;
				ENABLE_STRICT_OBJC_MSGSEND = YES;
				GCC_C_LANGUAGE_STANDARD = gnu99;
				GCC_NO_COMMON_BLOCKS = YES;
				GCC_WARN_64_TO_32_BIT_CONVERSION = YES;
				GCC_WARN_ABOUT_RETURN_TYPE = YES_ERROR;
				GCC_WARN_UNDECLARED_SELECTOR = YES;
				GCC_WARN_UNINITIALIZED_AUTOS = YES_AGGRESSIVE;
				GCC_WARN_UNUSED_FUNCTION = YES;
				GCC_WARN_UNUSED_VARIABLE = YES;
				IPHONEOS_DEPLOYMENT_TARGET = 9.2;
				MTL_ENABLE_DEBUG_INFO = NO;
				SDKROOT = iphoneos;
				VALIDATE_PRODUCT = YES;
			};
			name = Release;
		};
		7A8B03C01C3A1C3A00FFCBA0 /* Debug */ = {
			isa = XCBuildConfiguration;
			baseConfigurationReference = 3EB1357DE69483C95E139891 /* Pods.debug.xcconfig */;
			buildSettings = {
				ASSETCATALOG_COMPILER_APPICON_NAME = AppIcon;
				INFOPLIST_FILE = WeekendHighTogether/Info.plist;
				IPHONEOS_DEPLOYMENT_TARGET = 7.0;
				LD_RUNPATH_SEARCH_PATHS = "$(inherited) @executable_path/Frameworks";
				PRODUCT_BUNDLE_IDENTIFIER = wang.WeekendHighTogether;
				PRODUCT_NAME = "$(TARGET_NAME)";
				TARGETED_DEVICE_FAMILY = 1;
			};
			name = Debug;
		};
		7A8B03C11C3A1C3A00FFCBA0 /* Release */ = {
			isa = XCBuildConfiguration;
			baseConfigurationReference = 3CDB23514B5C5DF1880D803B /* Pods.release.xcconfig */;
			buildSettings = {
				ASSETCATALOG_COMPILER_APPICON_NAME = AppIcon;
				INFOPLIST_FILE = WeekendHighTogether/Info.plist;
				IPHONEOS_DEPLOYMENT_TARGET = 7.0;
				LD_RUNPATH_SEARCH_PATHS = "$(inherited) @executable_path/Frameworks";
				PRODUCT_BUNDLE_IDENTIFIER = wang.WeekendHighTogether;
				PRODUCT_NAME = "$(TARGET_NAME)";
				TARGETED_DEVICE_FAMILY = 1;
			};
			name = Release;
		};
/* End XCBuildConfiguration section */

/* Begin XCConfigurationList section */
		7A8B03A91C3A1C3A00FFCBA0 /* Build configuration list for PBXProject "WeekendHighTogether" */ = {
			isa = XCConfigurationList;
			buildConfigurations = (
				7A8B03BD1C3A1C3A00FFCBA0 /* Debug */,
				7A8B03BE1C3A1C3A00FFCBA0 /* Release */,
			);
			defaultConfigurationIsVisible = 0;
			defaultConfigurationName = Release;
		};
		7A8B03BF1C3A1C3A00FFCBA0 /* Build configuration list for PBXNativeTarget "WeekendHighTogether" */ = {
			isa = XCConfigurationList;
			buildConfigurations = (
				7A8B03C01C3A1C3A00FFCBA0 /* Debug */,
				7A8B03C11C3A1C3A00FFCBA0 /* Release */,
			);
			defaultConfigurationIsVisible = 0;
			defaultConfigurationName = Release;
		};
/* End XCConfigurationList section */
	};
	rootObject = 7A8B03A61C3A1C3A00FFCBA0 /* Project object */;
}
